Microsoft Visual Studio Solution File, Format Version 9.00
# Visual C++ Express 2005
Project("{8BC9CEB8-8B4A-11D0-8D11-00A0C91BC942}") = "GLGUI", "glgui.vcproj", "{2077C2D4-1091-47E6-B6A4-5087EA61FB50}"
EndProject
Global
	GlobalSection(SolutionConfigurationPlatforms) = preSolution
		Debug|Win32 = Debug|Win32
		Release|Win32 = Release|Win32
	EndGlobalSection
	GlobalSection(ProjectConfigurationPlatforms) = postSolution
		{2077C2D4-1091-47E6-B6A4-5087EA61FB50}.Debug|Win32.ActiveCfg = Debug|Win32
		{2077C2D4-1091-47E6-B6A4-5087EA61FB50}.Debug|Win32.Build.0 = Debug|Win32
		{2077C2D4-1091-47E6-B6A4-5087EA61FB50}.Release|Win32.ActiveCfg = Release|Win32
		{2077C2D4-1091-47E6-B6A4-5087EA61FB50}.Release|Win32.Build.0 = Release|Win32
	EndGlobalSection
	GlobalSection(SolutionProperties) = preSolution
		HideSolutionNode = FALSE
	EndGlobalSection
EndGlobal
