<?xml version="1.0" encoding="UTF-8" standalone="yes" ?>
<CodeBlocks_project_file>
	<FileVersion major="1" minor="6" />
	<Project>
		<Option title="ParserTest" />
		<Option makefile="SConstruct" />
		<Option makefile_is_custom="1" />
		<Option pch_mode="2" />
		<Option default_target="debug" />
		<Option compiler="gcc" />
		<Option virtualFolders="OSI/;ParserTest/;OSIX/;" />
		<MakeCommands>
			<Build command="scons -C ../scons" />
			<CompileFile command="scons -C ../scons $file" />
			<Clean command="scons -C ../scons -c" />
			<DistClean command="scons -C ../scons -c" />
		</MakeCommands>
		<Build>
			<Target title="release">
				<Option output="../../bin/parsertest" prefix_auto="1" extension_auto="1" />
				<Option working_dir="../../bin" />
				<Option object_output="/" />
				<Option type="1" />
				<Option compiler="gcc" />
				<Option use_console_runner="0" />
				<Option host_application="parsertest" />
				<Compiler>
					<Add option="-O2" />
				</Compiler>
				<Linker>
					<Add option="-s" />
				</Linker>
				<MakeCommands>
					<Build command="scons -C ../scons" />
					<CompileFile command="scons -C ../scons $file" />
					<Clean command="scons -C ../scons -c" />
					<DistClean command="scons -C ../scons -c" />
				</MakeCommands>
			</Target>
			<Target title="debug">
				<Option output="../../bin/parsertestd" prefix_auto="1" extension_auto="1" />
				<Option working_dir="../../bin" />
				<Option object_output="/" />
				<Option type="1" />
				<Option compiler="gcc" />
				<Option use_console_runner="0" />
				<Option host_application="parsertestd" />
				<Compiler>
					<Add option="-O2" />
				</Compiler>
				<Linker>
					<Add option="-s" />
				</Linker>
				<MakeCommands>
					<Build command="scons -C ../scons debug=1" />
					<CompileFile command="scons -C ../scons debug=1 $file" />
					<Clean command="scons -C ../scons -c debug=1" />
					<DistClean command="scons -C ../scons -c debug=1" />
				</MakeCommands>
			</Target>
			<Target title="profile">
				<Option output="parsertest" prefix_auto="1" extension_auto="1" />
				<Option working_dir="../../bin" />
				<Option object_output="/" />
				<Option type="1" />
				<Option compiler="gcc" />
				<Option use_console_runner="0" />
				<Option host_application="parsertest" />
				<Compiler>
					<Add option="-O2" />
				</Compiler>
				<Linker>
					<Add option="-s" />
				</Linker>
				<MakeCommands>
					<Build command="scons -C ../scons profile=1" />
					<CompileFile command="scons -C ../scons profile=1 $file" />
					<Clean command="scons -C ../scons -c profile=1" />
					<DistClean command="scons -C ../scons -c profile=1" />
				</MakeCommands>
			</Target>
		</Build>
		<Compiler>
			<Add option="-Wall" />
		</Compiler>
		<Unit filename="../../../../api/osi/os.h">
			<Option virtualFolder="OSI/" />
		</Unit>
		<Unit filename="../../../../api/osi/os.hpp">
			<Option virtualFolder="OSI/" />
		</Unit>
		<Unit filename="../../../../api/osix/parser/parser.hpp">
			<Option virtualFolder="OSIX/" />
		</Unit>
		<Unit filename="../../../../api/osix/parser/parserdbg.hpp">
			<Option virtualFolder="OSIX/" />
		</Unit>
		<Unit filename="../../../../implementations/base/project/scons/SConscript" />
		<Unit filename="../scons/SConscript" />
		<Unit filename="../scons/SConstargetscript" />
		<Unit filename="../scons/SConstruct" />
		<Unit filename="../../src/main.cpp">
			<Option virtualFolder="ParserTest/" />
		</Unit>
		<Extensions>
			<code_completion>
				<search_path add="../../../../api" />
			</code_completion>
			<envvars />
			<debugger />
			<lib_finder />
		</Extensions>
	</Project>
</CodeBlocks_project_file>
