<?xml version="1.0" encoding="UTF-8" standalone="yes" ?>
<CodeBlocks_project_file>
	<FileVersion major="1" minor="6" />
	<Project>
		<Option title="GLRasRE" />
		<Option makefile="SConstruct" />
		<Option makefile_is_custom="1" />
		<Option pch_mode="2" />
		<Option compiler="gcc" />
		<Option virtualFolders="BaseRE/;GLRasRE/;Base/;Base/math/;Base/common/;OSI/;BaseRE/directx/;BaseRE/opengl/;" />
		<MakeCommands>
			<Build command="scons -C ../scons" />
			<CompileFile command="scons -C ../scons $file" />
			<Clean command="scons -C ../scons -c" />
			<DistClean command="scons -C ../scons -c" />
		</MakeCommands>
		<Build>
			<Target title="release">
				<Option output="../../lib/libglrasre.a" prefix_auto="1" extension_auto="1" />
				<Option working_dir="" />
				<Option object_output="/" />
				<Option type="2" />
				<Option compiler="gcc" />
				<Option createDefFile="1" />
				<Compiler>
					<Add option="-O2" />
				</Compiler>
				<Linker>
					<Add option="-s" />
				</Linker>
				<MakeCommands>
					<Build command="scons -C ../scons" />
					<CompileFile command="scons -C ../scons $file" />
					<Clean command="scons -C ../scons -c" />
					<DistClean command="scons -C ../scons -c" />
				</MakeCommands>
			</Target>
			<Target title="debug">
				<Option output="../../lib/libglrasred.a" prefix_auto="1" extension_auto="1" />
				<Option working_dir="" />
				<Option object_output="/" />
				<Option type="2" />
				<Option compiler="gcc" />
				<Option createDefFile="1" />
				<Compiler>
					<Add option="-O2" />
				</Compiler>
				<Linker>
					<Add option="-s" />
				</Linker>
				<MakeCommands>
					<Build command="scons -C ../scons debug=1" />
					<CompileFile command="scons -C ../scons debug=1 $file" />
					<Clean command="scons -C ../scons -c debug=1" />
					<DistClean command="scons -C ../scons -c debug=1" />
				</MakeCommands>
			</Target>
		</Build>
		<Compiler>
			<Add option="-Wall" />
		</Compiler>
		<Unit filename="../../../../api/osi/os.h">
			<Option virtualFolder="OSI/" />
		</Unit>
		<Unit filename="../../../../api/osi/os.hpp">
			<Option virtualFolder="OSI/" />
		</Unit>
		<Unit filename="../../../../api/osi/re/ext/glrasre.h">
			<Option virtualFolder="OSI/" />
		</Unit>
		<Unit filename="../../../../api/osi/re/re.h">
			<Option virtualFolder="OSI/" />
		</Unit>
		<Unit filename="../../../../api/osi/re/redbg.h">
			<Option virtualFolder="OSI/" />
		</Unit>
		<Unit filename="../../../base/project/scons/SConscript" />
		<Unit filename="../../../base/src/base/common/functions.h">
			<Option virtualFolder="Base/common/" />
		</Unit>
		<Unit filename="../../../base/src/base/common/object.h">
			<Option virtualFolder="Base/common/" />
		</Unit>
		<Unit filename="../../../base/src/base/common/structures.h">
			<Option virtualFolder="Base/common/" />
		</Unit>
		<Unit filename="../../../base/src/base/common/types.h">
			<Option virtualFolder="Base/common/" />
		</Unit>
		<Unit filename="../../../base/src/base/math/axisalignedboundingbox.h">
			<Option virtualFolder="Base/math/" />
		</Unit>
		<Unit filename="../../../base/src/base/math/axisalignedboundingbox.hxx">
			<Option virtualFolder="Base/math/" />
		</Unit>
		<Unit filename="../../../base/src/base/math/hcoord3.h">
			<Option virtualFolder="Base/math/" />
		</Unit>
		<Unit filename="../../../base/src/base/math/hcoord3.hxx">
			<Option virtualFolder="Base/math/" />
		</Unit>
		<Unit filename="../../../base/src/base/math/hpoint3.h">
			<Option virtualFolder="Base/math/" />
		</Unit>
		<Unit filename="../../../base/src/base/math/hpoint3.hxx">
			<Option virtualFolder="Base/math/" />
		</Unit>
		<Unit filename="../../../base/src/base/math/hvector3.h">
			<Option virtualFolder="Base/math/" />
		</Unit>
		<Unit filename="../../../base/src/base/math/hvector3.hxx">
			<Option virtualFolder="Base/math/" />
		</Unit>
		<Unit filename="../../../base/src/base/math/math.h">
			<Option virtualFolder="Base/math/" />
		</Unit>
		<Unit filename="../../../base/src/base/math/matrix3.h">
			<Option virtualFolder="Base/math/" />
		</Unit>
		<Unit filename="../../../base/src/base/math/matrix3.hxx">
			<Option virtualFolder="Base/math/" />
		</Unit>
		<Unit filename="../../../base/src/base/math/matrix4.h">
			<Option virtualFolder="Base/math/" />
		</Unit>
		<Unit filename="../../../base/src/base/math/matrix4.hxx">
			<Option virtualFolder="Base/math/" />
		</Unit>
		<Unit filename="../../../base/src/base/math/quaternion.h">
			<Option virtualFolder="Base/math/" />
		</Unit>
		<Unit filename="../../../base/src/base/math/quaternion.hxx">
			<Option virtualFolder="Base/math/" />
		</Unit>
		<Unit filename="../../../base/src/base/math/unitquaternion.h">
			<Option virtualFolder="Base/math/" />
		</Unit>
		<Unit filename="../../../base/src/base/math/unitquaternion.hxx">
			<Option virtualFolder="Base/math/" />
		</Unit>
		<Unit filename="../../../base/src/base/math/vector2.h">
			<Option virtualFolder="Base/math/" />
		</Unit>
		<Unit filename="../../../base/src/base/math/vector2.hxx">
			<Option virtualFolder="Base/math/" />
		</Unit>
		<Unit filename="../../../base/src/base/math/vector3.h">
			<Option virtualFolder="Base/math/" />
		</Unit>
		<Unit filename="../../../base/src/base/math/vector3.hxx">
			<Option virtualFolder="Base/math/" />
		</Unit>
		<Unit filename="../../../base/src/base/math/vector4.h">
			<Option virtualFolder="Base/math/" />
		</Unit>
		<Unit filename="../../../base/src/base/math/vector4.hxx">
			<Option virtualFolder="Base/math/" />
		</Unit>
		<Unit filename="../../../basege/project/scons/SConscript" />
		<Unit filename="../../../basere/src/basere/basere.cpp">
			<Option virtualFolder="BaseRE/" />
		</Unit>
		<Unit filename="../../../basere/src/basere/basere.h">
			<Option virtualFolder="BaseRE/" />
		</Unit>
		<Unit filename="../../../basere/src/basere/basere.hxx">
			<Option virtualFolder="BaseRE/" />
		</Unit>
		<Unit filename="../../../basere/src/basere/baseredbg.cpp">
			<Option virtualFolder="BaseRE/" />
		</Unit>
		<Unit filename="../../../basere/src/basere/baseredbg.h">
			<Option virtualFolder="BaseRE/" />
		</Unit>
		<Unit filename="../../../basere/src/basere/baseredbg.hxx">
			<Option virtualFolder="BaseRE/" />
		</Unit>
		<Unit filename="../../../basere/src/basere/camera.h">
			<Option virtualFolder="BaseRE/" />
		</Unit>
		<Unit filename="../../../basere/src/basere/light.h">
			<Option virtualFolder="BaseRE/" />
		</Unit>
		<Unit filename="../../../basere/src/basere/object.h">
			<Option virtualFolder="BaseRE/" />
		</Unit>
		<Unit filename="../../../basere/src/basere/opengl/kernel.cpp">
			<Option virtualFolder="BaseRE/opengl/" />
		</Unit>
		<Unit filename="../../../basere/src/basere/opengl/kernel.h">
			<Option virtualFolder="BaseRE/opengl/" />
		</Unit>
		<Unit filename="../../../basere/src/basere/opengl/kernel.hxx">
			<Option virtualFolder="BaseRE/opengl/" />
		</Unit>
		<Unit filename="../../../basere/src/basere/opengl/rendertarget.cpp">
			<Option virtualFolder="BaseRE/opengl/" />
		</Unit>
		<Unit filename="../../../basere/src/basere/opengl/rendertarget.h">
			<Option virtualFolder="BaseRE/opengl/" />
		</Unit>
		<Unit filename="../../../basere/src/basere/opengl/rendertarget.hxx">
			<Option virtualFolder="BaseRE/opengl/" />
		</Unit>
		<Unit filename="../../../basere/src/basere/opengl/shader.cpp">
			<Option virtualFolder="BaseRE/opengl/" />
		</Unit>
		<Unit filename="../../../basere/src/basere/opengl/shader.h">
			<Option virtualFolder="BaseRE/opengl/" />
		</Unit>
		<Unit filename="../../../basere/src/basere/opengl/shader.hxx">
			<Option virtualFolder="BaseRE/opengl/" />
		</Unit>
		<Unit filename="../../../basere/src/basere/opengl/stream.cpp">
			<Option virtualFolder="BaseRE/opengl/" />
		</Unit>
		<Unit filename="../../../basere/src/basere/opengl/stream.h">
			<Option virtualFolder="BaseRE/opengl/" />
		</Unit>
		<Unit filename="../../../basere/src/basere/opengl/stream.hxx">
			<Option virtualFolder="BaseRE/opengl/" />
		</Unit>
		<Unit filename="../../../basere/src/basere/render.h">
			<Option virtualFolder="BaseRE/" />
		</Unit>
		<Unit filename="../../../basere/src/basere/scene.h">
			<Option virtualFolder="BaseRE/" />
		</Unit>
		<Unit filename="../scons/SConscript" />
		<Unit filename="../scons/SConstargetscript" />
		<Unit filename="../scons/SConstruct" />
		<Unit filename="../../src/api.cpp">
			<Option virtualFolder="GLRasRE/" />
		</Unit>
		<Unit filename="../../src/api.h">
			<Option virtualFolder="GLRasRE/" />
		</Unit>
		<Unit filename="../../src/elements.h">
			<Option virtualFolder="GLRasRE/" />
		</Unit>
		<Unit filename="../../src/frame.h">
			<Option virtualFolder="GLRasRE/" />
		</Unit>
		<Unit filename="../../src/geometry.h">
			<Option virtualFolder="GLRasRE/" />
		</Unit>
		<Unit filename="../../src/scene.h">
			<Option virtualFolder="GLRasRE/" />
		</Unit>
		<Unit filename="../../src/shaders.h">
			<Option virtualFolder="GLRasRE/" />
		</Unit>
		<Extensions>
			<code_completion>
				<search_path add="../../../../api" />
				<search_path add="../../../base/src" />
				<search_path add="../../../basere/src" />
			</code_completion>
			<envvars />
		</Extensions>
	</Project>
</CodeBlocks_project_file>
